
Microsoft Visual Studio Solution File, Format Version 12.00
# Visual Studio Version 16
VisualStudioVersion = 16.0.31410.357
MinimumVisualStudioVersion = 10.0.40219.1
Project("{E24C65DC-7377-472B-9ABA-BC803B73C61A}") = "Editor", "Editor\", "{E4234CEF-7647-4DB3-A71D-8BF337E4AFC6}"
	ProjectSection(WebsiteProperties) = preProject
		TargetFrameworkMoniker = ".NETFramework,Version%3Dv4.8"
		Debug.AspNetCompiler.VirtualPath = "/localhost_53404"
		Debug.AspNetCompiler.PhysicalPath = "Editor\"
		Debug.AspNetCompiler.TargetPath = "PrecompiledWeb\localhost_53404\"
		Debug.AspNetCompiler.Updateable = "true"
		Debug.AspNetCompiler.ForceOverwrite = "true"
		Debug.AspNetCompiler.FixedNames = "false"
		Debug.AspNetCompiler.Debug = "True"
		Release.AspNetCompiler.VirtualPath = "/localhost_53404"
		Release.AspNetCompiler.PhysicalPath = "Editor\"
		Release.AspNetCompiler.TargetPath = "PrecompiledWeb\localhost_53404\"
		Release.AspNetCompiler.Updateable = "true"
		Release.AspNetCompiler.ForceOverwrite = "true"
		Release.AspNetCompiler.FixedNames = "false"
		Release.AspNetCompiler.Debug = "False"
		VWDPort = "53404"
		DefaultWebSiteLanguage = "Visual C#"
	EndProjectSection
EndProject
Global
	GlobalSection(SolutionConfigurationPlatforms) = preSolution
		Debug|Any CPU = Debug|Any CPU
	EndGlobalSection
	GlobalSection(ProjectConfigurationPlatforms) = postSolution
		{E4234CEF-7647-4DB3-A71D-8BF337E4AFC6}.Debug|Any CPU.ActiveCfg = Debug|Any CPU
		{E4234CEF-7647-4DB3-A71D-8BF337E4AFC6}.Debug|Any CPU.Build.0 = Debug|Any CPU
	EndGlobalSection
	GlobalSection(SolutionProperties) = preSolution
		HideSolutionNode = FALSE
	EndGlobalSection
	GlobalSection(ExtensibilityGlobals) = postSolution
		SolutionGuid = {27F6E331-DCFE-4C86-98C9-53A16B4B52BD}
	EndGlobalSection
EndGlobal
